
Microsoft Visual Studio Solution File, Format Version 12.00
Project("{FAE04EC0-301F-11D3-BF4B-00C04F79EFBC}") = "NotificationSystem", "NotificationSystem.csproj", "{CBDFAB82-5DFB-45D0-82D6-1EFD9E4A17D0}"
EndProject
Global
	GlobalSection(SolutionConfigurationPlatforms) = preSolution
		Debug|Any CPU = Debug|Any CPU
		Release|Any CPU = Release|Any CPU
	EndGlobalSection
	GlobalSection(ProjectConfigurationPlatforms) = postSolution
		{CBDFAB82-5DFB-45D0-82D6-1EFD9E4A17D0}.Debug|Any CPU.ActiveCfg = Debug|Any CPU
		{CBDFAB82-5DFB-45D0-82D6-1EFD9E4A17D0}.Debug|Any CPU.Build.0 = Debug|Any CPU
		{CBDFAB82-5DFB-45D0-82D6-1EFD9E4A17D0}.Release|Any CPU.ActiveCfg = Release|Any CPU
		{CBDFAB82-5DFB-45D0-82D6-1EFD9E4A17D0}.Release|Any CPU.Build.0 = Release|Any CPU
	EndGlobalSection
EndGlobal
