
Microsoft Visual Studio Solution File, Format Version 12.00
Project("{FAE04EC0-301F-11D3-BF4B-00C04F79EFBC}") = "MoneyMaker", "MoneyMaker.csproj", "{35CDC410-7801-4BD9-B501-B124CAEB2E1A}"
EndProject
Global
	GlobalSection(SolutionConfigurationPlatforms) = preSolution
		Debug|Any CPU = Debug|Any CPU
		Release|Any CPU = Release|Any CPU
	EndGlobalSection
	GlobalSection(ProjectConfigurationPlatforms) = postSolution
		{35CDC410-7801-4BD9-B501-B124CAEB2E1A}.Debug|Any CPU.ActiveCfg = Debug|Any CPU
		{35CDC410-7801-4BD9-B501-B124CAEB2E1A}.Debug|Any CPU.Build.0 = Debug|Any CPU
		{35CDC410-7801-4BD9-B501-B124CAEB2E1A}.Release|Any CPU.ActiveCfg = Release|Any CPU
		{35CDC410-7801-4BD9-B501-B124CAEB2E1A}.Release|Any CPU.Build.0 = Release|Any CPU
	EndGlobalSection
EndGlobal
